
Microsoft Visual Studio Solution File, Format Version 12.00
# Visual Studio 15
VisualStudioVersion = 15.0.28010.2016
MinimumVisualStudioVersion = 10.0.40219.1
Project("{FAE04EC0-301F-11D3-BF4B-00C04F79EFBC}") = "Exercise 1", "Exercise 1\Exercise 1.csproj", "{C9C4665C-8328-4663-AB42-65C46640C3EC}"
EndProject
Project("{FAE04EC0-301F-11D3-BF4B-00C04F79EFBC}") = "UnitTestProject1", "UnitTestProject1\UnitTestProject1.csproj", "{13AA7F58-138F-40B0-89B3-2C72A3706299}"
EndProject
Global
	GlobalSection(SolutionConfigurationPlatforms) = preSolution
		Debug|Any CPU = Debug|Any CPU
		Release|Any CPU = Release|Any CPU
	EndGlobalSection
	GlobalSection(ProjectConfigurationPlatforms) = postSolution
		{C9C4665C-8328-4663-AB42-65C46640C3EC}.Debug|Any CPU.ActiveCfg = Debug|Any CPU
		{C9C4665C-8328-4663-AB42-65C46640C3EC}.Debug|Any CPU.Build.0 = Debug|Any CPU
		{C9C4665C-8328-4663-AB42-65C46640C3EC}.Release|Any CPU.ActiveCfg = Release|Any CPU
		{C9C4665C-8328-4663-AB42-65C46640C3EC}.Release|Any CPU.Build.0 = Release|Any CPU
		{13AA7F58-138F-40B0-89B3-2C72A3706299}.Debug|Any CPU.ActiveCfg = Debug|Any CPU
		{13AA7F58-138F-40B0-89B3-2C72A3706299}.Debug|Any CPU.Build.0 = Debug|Any CPU
		{13AA7F58-138F-40B0-89B3-2C72A3706299}.Release|Any CPU.ActiveCfg = Release|Any CPU
		{13AA7F58-138F-40B0-89B3-2C72A3706299}.Release|Any CPU.Build.0 = Release|Any CPU
	EndGlobalSection
	GlobalSection(SolutionProperties) = preSolution
		HideSolutionNode = FALSE
	EndGlobalSection
	GlobalSection(ExtensibilityGlobals) = postSolution
		SolutionGuid = {5E28767A-EACE-403F-AF51-AFA8BC28D024}
	EndGlobalSection
EndGlobal
